
Microsoft Visual Studio Solution File, Format Version 12.00
# Visual Studio 15
VisualStudioVersion = 15.0.28307.271
MinimumVisualStudioVersion = 10.0.40219.1
Project("{9A19103F-16F7-4668-BE54-9A1E7A4F7556}") = "ExamListCore", "ExamListCore\ExamListCore.csproj", "{2664D793-5957-4139-979B-087A27027B89}"
EndProject
Project("{FAE04EC0-301F-11D3-BF4B-00C04F79EFBC}") = "ExamListConsole", "ExamListConsole\ExamListConsole.csproj", "{63053AE0-F10C-4E2E-8F2C-BA0D031E1B64}"
EndProject
Global
	GlobalSection(SolutionConfigurationPlatforms) = preSolution
		Debug|Any CPU = Debug|Any CPU
		Release|Any CPU = Release|Any CPU
	EndGlobalSection
	GlobalSection(ProjectConfigurationPlatforms) = postSolution
		{2664D793-5957-4139-979B-087A27027B89}.Debug|Any CPU.ActiveCfg = Debug|Any CPU
		{2664D793-5957-4139-979B-087A27027B89}.Debug|Any CPU.Build.0 = Debug|Any CPU
		{2664D793-5957-4139-979B-087A27027B89}.Release|Any CPU.ActiveCfg = Release|Any CPU
		{2664D793-5957-4139-979B-087A27027B89}.Release|Any CPU.Build.0 = Release|Any CPU
		{63053AE0-F10C-4E2E-8F2C-BA0D031E1B64}.Debug|Any CPU.ActiveCfg = Debug|Any CPU
		{63053AE0-F10C-4E2E-8F2C-BA0D031E1B64}.Debug|Any CPU.Build.0 = Debug|Any CPU
		{63053AE0-F10C-4E2E-8F2C-BA0D031E1B64}.Release|Any CPU.ActiveCfg = Release|Any CPU
		{63053AE0-F10C-4E2E-8F2C-BA0D031E1B64}.Release|Any CPU.Build.0 = Release|Any CPU
	EndGlobalSection
	GlobalSection(SolutionProperties) = preSolution
		HideSolutionNode = FALSE
	EndGlobalSection
	GlobalSection(ExtensibilityGlobals) = postSolution
		SolutionGuid = {FB54BB6F-4161-4734-ABCF-35EC603D6200}
	EndGlobalSection
EndGlobal
